
Microsoft Visual Studio Solution File, Format Version 12.00
# Visual Studio 15
Project("{FAE04EC0-301F-11D3-BF4B-00C04F79EFBC}") = "BlazorWasmTest", "BlazorWasmTest.csproj", "{F6ED0A22-E5C2-427E-A5DA-20DEDF7C762F}"
EndProject
Global
	GlobalSection(SolutionConfigurationPlatforms) = preSolution
		Debug|Any CPU = Debug|Any CPU
		Release|Any CPU = Release|Any CPU
	EndGlobalSection
	GlobalSection(ProjectConfigurationPlatforms) = postSolution
		{F6ED0A22-E5C2-427E-A5DA-20DEDF7C762F}.Debug|Any CPU.ActiveCfg = Debug|Any CPU
		{F6ED0A22-E5C2-427E-A5DA-20DEDF7C762F}.Debug|Any CPU.Build.0 = Debug|Any CPU
		{F6ED0A22-E5C2-427E-A5DA-20DEDF7C762F}.Release|Any CPU.ActiveCfg = Release|Any CPU
		{F6ED0A22-E5C2-427E-A5DA-20DEDF7C762F}.Release|Any CPU.Build.0 = Release|Any CPU
	EndGlobalSection
EndGlobal
